
Microsoft Visual Studio Solution File, Format Version 12.00
# Visual Studio Version 16
VisualStudioVersion = 16.0.32106.194
MinimumVisualStudioVersion = 10.0.40219.1
Project("{FAE04EC0-301F-11D3-BF4B-00C04F79EFBC}") = "Stenography", "Stenography.csproj", "{7CE3E7FA-37DB-42F1-A8FB-F13707102EDD}"
EndProject
Global
	GlobalSection(SolutionConfigurationPlatforms) = preSolution
		Debug|Any CPU = Debug|Any CPU
		Release|Any CPU = Release|Any CPU
	EndGlobalSection
	GlobalSection(ProjectConfigurationPlatforms) = postSolution
		{7CE3E7FA-37DB-42F1-A8FB-F13707102EDD}.Debug|Any CPU.ActiveCfg = Debug|Any CPU
		{7CE3E7FA-37DB-42F1-A8FB-F13707102EDD}.Debug|Any CPU.Build.0 = Debug|Any CPU
		{7CE3E7FA-37DB-42F1-A8FB-F13707102EDD}.Release|Any CPU.ActiveCfg = Release|Any CPU
		{7CE3E7FA-37DB-42F1-A8FB-F13707102EDD}.Release|Any CPU.Build.0 = Release|Any CPU
	EndGlobalSection
	GlobalSection(SolutionProperties) = preSolution
		HideSolutionNode = FALSE
	EndGlobalSection
	GlobalSection(ExtensibilityGlobals) = postSolution
		SolutionGuid = {5F11D3B4-E390-4BF5-AA46-CA6FC1C0D9FF}
	EndGlobalSection
EndGlobal
